// !$*UTF8*$!
{
	archiveVersion = 1;
	classes = {
	};
	objectVersion = 56;
	objects = {

/* Begin PBXBuildFile section */
		BB69BF9929571204005AF5B7 /* FirstLauchViewController.swift in Sources */ = {isa = PBXBuildFile; fileRef = BB69BF9829571204005AF5B7 /* FirstLauchViewController.swift */; };
		BB69BF9B2957128B005AF5B7 /* FirstLauchPresenter.swift in Sources */ = {isa = PBXBuildFile; fileRef = BB69BF9A2957128B005AF5B7 /* FirstLauchPresenter.swift */; };
		BB69BF9D2957132E005AF5B7 /* FirstLauchInteractor.swift in Sources */ = {isa = PBXBuildFile; fileRef = BB69BF9C2957132E005AF5B7 /* FirstLauchInteractor.swift */; };
		BB69BF9F2957137B005AF5B7 /* FirstLauchConfigurator.swift in Sources */ = {isa = PBXBuildFile; fileRef = BB69BF9E2957137B005AF5B7 /* FirstLauchConfigurator.swift */; };
		BB69BFA1295713BD005AF5B7 /* FirstLauchRouter.swift in Sources */ = {isa = PBXBuildFile; fileRef = BB69BFA0295713BD005AF5B7 /* FirstLauchRouter.swift */; };
		BB69BFAE29575D11005AF5B7 /* JosefinSans-wght.ttf in Resources */ = {isa = PBXBuildFile; fileRef = BB69BFAD29575D11005AF5B7 /* JosefinSans-wght.ttf */; };
		BB69BFB229585196005AF5B7 /* ChoiseAsteroidDayCell.swift in Sources */ = {isa = PBXBuildFile; fileRef = BB69BFB129585196005AF5B7 /* ChoiseAsteroidDayCell.swift */; };
		BB69BFB429598949005AF5B7 /* ChoiseAsteroidModel.swift in Sources */ = {isa = PBXBuildFile; fileRef = BB69BFB329598949005AF5B7 /* ChoiseAsteroidModel.swift */; };
		BB6C0A02294B1CCF00A3F662 /* AppDelegate.swift in Sources */ = {isa = PBXBuildFile; fileRef = BB6C0A01294B1CCF00A3F662 /* AppDelegate.swift */; };
		BB6C0A04294B1CCF00A3F662 /* SceneDelegate.swift in Sources */ = {isa = PBXBuildFile; fileRef = BB6C0A03294B1CCF00A3F662 /* SceneDelegate.swift */; };
		BB6C0A0B294B1CD400A3F662 /* Assets.xcassets in Resources */ = {isa = PBXBuildFile; fileRef = BB6C0A0A294B1CD400A3F662 /* Assets.xcassets */; };
		BB6C0A0E294B1CD400A3F662 /* LaunchScreen.storyboard in Resources */ = {isa = PBXBuildFile; fileRef = BB6C0A0C294B1CD400A3F662 /* LaunchScreen.storyboard */; };
		BB6C0A17294B548700A3F662 /* HomeViewController.swift in Sources */ = {isa = PBXBuildFile; fileRef = BB6C0A16294B548700A3F662 /* HomeViewController.swift */; };
		BB6C0A19294B54C900A3F662 /* HomePresenter.swift in Sources */ = {isa = PBXBuildFile; fileRef = BB6C0A18294B54C900A3F662 /* HomePresenter.swift */; };
		BB6C0A1B294B54F500A3F662 /* HomeInteractor.swift in Sources */ = {isa = PBXBuildFile; fileRef = BB6C0A1A294B54F500A3F662 /* HomeInteractor.swift */; };
		BB6C0A1D294B553600A3F662 /* HomeConfigurator.swift in Sources */ = {isa = PBXBuildFile; fileRef = BB6C0A1C294B553600A3F662 /* HomeConfigurator.swift */; };
		BB6C0A1F294B557300A3F662 /* HomeRouter.swift in Sources */ = {isa = PBXBuildFile; fileRef = BB6C0A1E294B557300A3F662 /* HomeRouter.swift */; };
		BB6C0A22294B560D00A3F662 /* Extensions.swift in Sources */ = {isa = PBXBuildFile; fileRef = BB6C0A21294B560D00A3F662 /* Extensions.swift */; };
		BB6D6C9E2968A59A001B661D /* CompletedViewController.swift in Sources */ = {isa = PBXBuildFile; fileRef = BB6D6C9D2968A59A001B661D /* CompletedViewController.swift */; };
		BB6D6CA02968A61D001B661D /* CompletedPresenter.swift in Sources */ = {isa = PBXBuildFile; fileRef = BB6D6C9F2968A61D001B661D /* CompletedPresenter.swift */; };
		BB6D6CA22968A6E7001B661D /* CompletedInteractor.swift in Sources */ = {isa = PBXBuildFile; fileRef = BB6D6CA12968A6E7001B661D /* CompletedInteractor.swift */; };
		BB6D6CA42968A8DB001B661D /* CompletedConfigurator.swift in Sources */ = {isa = PBXBuildFile; fileRef = BB6D6CA32968A8DB001B661D /* CompletedConfigurator.swift */; };
		BB6D6CA62968A94B001B661D /* CompletedRouter.swift in Sources */ = {isa = PBXBuildFile; fileRef = BB6D6CA52968A94B001B661D /* CompletedRouter.swift */; };
		BB6D6CA82968AF35001B661D /* CompletedCell.swift in Sources */ = {isa = PBXBuildFile; fileRef = BB6D6CA72968AF35001B661D /* CompletedCell.swift */; };
		BB6D6CAA296AD566001B661D /* CompletedModel.swift in Sources */ = {isa = PBXBuildFile; fileRef = BB6D6CA9296AD566001B661D /* CompletedModel.swift */; };
		BB6F3A93296CB322006847D2 /* RelaxAppTests.swift in Sources */ = {isa = PBXBuildFile; fileRef = BB6F3A92296CB322006847D2 /* RelaxAppTests.swift */; };
		BB73B8A0294CA49500472AA6 /* ChoiseAsteroidViewController.swift in Sources */ = {isa = PBXBuildFile; fileRef = BB73B89F294CA49500472AA6 /* ChoiseAsteroidViewController.swift */; };
		BB73B8A2294CA4FA00472AA6 /* ChoiseAsteroidPresenter.swift in Sources */ = {isa = PBXBuildFile; fileRef = BB73B8A1294CA4FA00472AA6 /* ChoiseAsteroidPresenter.swift */; };
		BB73B8A4294CA59F00472AA6 /* ChoiseAsteroidInteractor.swift in Sources */ = {isa = PBXBuildFile; fileRef = BB73B8A3294CA59F00472AA6 /* ChoiseAsteroidInteractor.swift */; };
		BB73B8A6294CA5FE00472AA6 /* ChoiseAsteroidConfigurator.swift in Sources */ = {isa = PBXBuildFile; fileRef = BB73B8A5294CA5FE00472AA6 /* ChoiseAsteroidConfigurator.swift */; };
		BB73B8A8294CA7F300472AA6 /* ChoiseAsteroidRouter.swift in Sources */ = {isa = PBXBuildFile; fileRef = BB73B8A7294CA7F300472AA6 /* ChoiseAsteroidRouter.swift */; };
		BB73B8AB294DE6BB00472AA6 /* NetworkService.swift in Sources */ = {isa = PBXBuildFile; fileRef = BB73B8AA294DE6BB00472AA6 /* NetworkService.swift */; };
		BB73B8AD294DE76F00472AA6 /* NetworkConfiguration.swift in Sources */ = {isa = PBXBuildFile; fileRef = BB73B8AC294DE76F00472AA6 /* NetworkConfiguration.swift */; };
		BB73B8B0294DF0E200472AA6 /* JsonHelper.swift in Sources */ = {isa = PBXBuildFile; fileRef = BB73B8AF294DF0E200472AA6 /* JsonHelper.swift */; };
		BB73B8B3294DF6C600472AA6 /* Model.swift in Sources */ = {isa = PBXBuildFile; fileRef = BB73B8B2294DF6C600472AA6 /* Model.swift */; };
		BB73B8B6294E073F00472AA6 /* ChoiseAsteroidCell.swift in Sources */ = {isa = PBXBuildFile; fileRef = BB73B8B5294E073F00472AA6 /* ChoiseAsteroidCell.swift */; };
		BB73B8B9294F52B700472AA6 /* TravelTimeViewController.swift in Sources */ = {isa = PBXBuildFile; fileRef = BB73B8B8294F52B700472AA6 /* TravelTimeViewController.swift */; };
		BB73B8BB294F591200472AA6 /* TravelTimePresenter.swift in Sources */ = {isa = PBXBuildFile; fileRef = BB73B8BA294F591200472AA6 /* TravelTimePresenter.swift */; };
		BB73B8BD294F598B00472AA6 /* TravelTimeInteractor.swift in Sources */ = {isa = PBXBuildFile; fileRef = BB73B8BC294F598B00472AA6 /* TravelTimeInteractor.swift */; };
		BB73B8BF294F59D800472AA6 /* TravelTimeConfigurator.swift in Sources */ = {isa = PBXBuildFile; fileRef = BB73B8BE294F59D800472AA6 /* TravelTimeConfigurator.swift */; };
		BB73B8C1294F5A3D00472AA6 /* TravelTimeRouter.swift in Sources */ = {isa = PBXBuildFile; fileRef = BB73B8C0294F5A3D00472AA6 /* TravelTimeRouter.swift */; };
		BB73B8C32950555B00472AA6 /* TabBarController.swift in Sources */ = {isa = PBXBuildFile; fileRef = BB73B8C22950555B00472AA6 /* TabBarController.swift */; };
		BB73B8C5295095B900472AA6 /* DatabaseService.swift in Sources */ = {isa = PBXBuildFile; fileRef = BB73B8C4295095B900472AA6 /* DatabaseService.swift */; };
		BB73B8C8295096DE00472AA6 /* Model.xcdatamodeld in Sources */ = {isa = PBXBuildFile; fileRef = BB73B8C6295096DE00472AA6 /* Model.xcdatamodeld */; };
		BB73B91029549B3200472AA6 /* TravelTimeModel.swift in Sources */ = {isa = PBXBuildFile; fileRef = BB73B90F29549B3200472AA6 /* TravelTimeModel.swift */; };
		BB73B9122954A5F400472AA6 /* TravelTimeCell.swift in Sources */ = {isa = PBXBuildFile; fileRef = BB73B9112954A5F300472AA6 /* TravelTimeCell.swift */; };
/* End PBXBuildFile section */

/* Begin PBXContainerItemProxy section */
		BB6F3A94296CB322006847D2 /* PBXContainerItemProxy */ = {
			isa = PBXContainerItemProxy;
			containerPortal = BB6C09F6294B1CCF00A3F662 /* Project object */;
			proxyType = 1;
			remoteGlobalIDString = BB6C09FD294B1CCF00A3F662;
			remoteInfo = RelaxApp;
		};
/* End PBXContainerItemProxy section */

/* Begin PBXFileReference section */
		BB69BF9829571204005AF5B7 /* FirstLauchViewController.swift */ = {isa = PBXFileReference; lastKnownFileType = sourcecode.swift; path = FirstLauchViewController.swift; sourceTree = "<group>"; };
		BB69BF9A2957128B005AF5B7 /* FirstLauchPresenter.swift */ = {isa = PBXFileReference; lastKnownFileType = sourcecode.swift; path = FirstLauchPresenter.swift; sourceTree = "<group>"; };
		BB69BF9C2957132E005AF5B7 /* FirstLauchInteractor.swift */ = {isa = PBXFileReference; lastKnownFileType = sourcecode.swift; path = FirstLauchInteractor.swift; sourceTree = "<group>"; };
		BB69BF9E2957137B005AF5B7 /* FirstLauchConfigurator.swift */ = {isa = PBXFileReference; lastKnownFileType = sourcecode.swift; path = FirstLauchConfigurator.swift; sourceTree = "<group>"; };
		BB69BFA0295713BD005AF5B7 /* FirstLauchRouter.swift */ = {isa = PBXFileReference; lastKnownFileType = sourcecode.swift; path = FirstLauchRouter.swift; sourceTree = "<group>"; };
		BB69BFAD29575D11005AF5B7 /* JosefinSans-wght.ttf */ = {isa = PBXFileReference; lastKnownFileType = file; path = "JosefinSans-wght.ttf"; sourceTree = "<group>"; };
		BB69BFB129585196005AF5B7 /* ChoiseAsteroidDayCell.swift */ = {isa = PBXFileReference; lastKnownFileType = sourcecode.swift; path = ChoiseAsteroidDayCell.swift; sourceTree = "<group>"; };
		BB69BFB329598949005AF5B7 /* ChoiseAsteroidModel.swift */ = {isa = PBXFileReference; lastKnownFileType = sourcecode.swift; path = ChoiseAsteroidModel.swift; sourceTree = "<group>"; };
		BB6C09FE294B1CCF00A3F662 /* RelaxApp.app */ = {isa = PBXFileReference; explicitFileType = wrapper.application; includeInIndex = 0; path = RelaxApp.app; sourceTree = BUILT_PRODUCTS_DIR; };
		BB6C0A01294B1CCF00A3F662 /* AppDelegate.swift */ = {isa = PBXFileReference; lastKnownFileType = sourcecode.swift; path = AppDelegate.swift; sourceTree = "<group>"; };
		BB6C0A03294B1CCF00A3F662 /* SceneDelegate.swift */ = {isa = PBXFileReference; lastKnownFileType = sourcecode.swift; path = SceneDelegate.swift; sourceTree = "<group>"; };
		BB6C0A0A294B1CD400A3F662 /* Assets.xcassets */ = {isa = PBXFileReference; lastKnownFileType = folder.assetcatalog; path = Assets.xcassets; sourceTree = "<group>"; };
		BB6C0A0D294B1CD400A3F662 /* Base */ = {isa = PBXFileReference; lastKnownFileType = file.storyboard; name = Base; path = Base.lproj/LaunchScreen.storyboard; sourceTree = "<group>"; };
		BB6C0A0F294B1CD400A3F662 /* Info.plist */ = {isa = PBXFileReference; lastKnownFileType = text.plist.xml; path = Info.plist; sourceTree = "<group>"; };
		BB6C0A16294B548700A3F662 /* HomeViewController.swift */ = {isa = PBXFileReference; lastKnownFileType = sourcecode.swift; path = HomeViewController.swift; sourceTree = "<group>"; };
		BB6C0A18294B54C900A3F662 /* HomePresenter.swift */ = {isa = PBXFileReference; lastKnownFileType = sourcecode.swift; path = HomePresenter.swift; sourceTree = "<group>"; };
		BB6C0A1A294B54F500A3F662 /* HomeInteractor.swift */ = {isa = PBXFileReference; lastKnownFileType = sourcecode.swift; path = HomeInteractor.swift; sourceTree = "<group>"; };
		BB6C0A1C294B553600A3F662 /* HomeConfigurator.swift */ = {isa = PBXFileReference; lastKnownFileType = sourcecode.swift; path = HomeConfigurator.swift; sourceTree = "<group>"; };
		BB6C0A1E294B557300A3F662 /* HomeRouter.swift */ = {isa = PBXFileReference; lastKnownFileType = sourcecode.swift; path = HomeRouter.swift; sourceTree = "<group>"; };
		BB6C0A21294B560D00A3F662 /* Extensions.swift */ = {isa = PBXFileReference; lastKnownFileType = sourcecode.swift; path = Extensions.swift; sourceTree = "<group>"; };
		BB6D6C9D2968A59A001B661D /* CompletedViewController.swift */ = {isa = PBXFileReference; lastKnownFileType = sourcecode.swift; path = CompletedViewController.swift; sourceTree = "<group>"; };
		BB6D6C9F2968A61D001B661D /* CompletedPresenter.swift */ = {isa = PBXFileReference; lastKnownFileType = sourcecode.swift; path = CompletedPresenter.swift; sourceTree = "<group>"; };
		BB6D6CA12968A6E7001B661D /* CompletedInteractor.swift */ = {isa = PBXFileReference; lastKnownFileType = sourcecode.swift; path = CompletedInteractor.swift; sourceTree = "<group>"; };
		BB6D6CA32968A8DB001B661D /* CompletedConfigurator.swift */ = {isa = PBXFileReference; lastKnownFileType = sourcecode.swift; path = CompletedConfigurator.swift; sourceTree = "<group>"; };
		BB6D6CA52968A94B001B661D /* CompletedRouter.swift */ = {isa = PBXFileReference; lastKnownFileType = sourcecode.swift; path = CompletedRouter.swift; sourceTree = "<group>"; };
		BB6D6CA72968AF35001B661D /* CompletedCell.swift */ = {isa = PBXFileReference; lastKnownFileType = sourcecode.swift; path = CompletedCell.swift; sourceTree = "<group>"; };
		BB6D6CA9296AD566001B661D /* CompletedModel.swift */ = {isa = PBXFileReference; lastKnownFileType = sourcecode.swift; path = CompletedModel.swift; sourceTree = "<group>"; };
		BB6F3A90296CB322006847D2 /* RelaxAppTests.xctest */ = {isa = PBXFileReference; explicitFileType = wrapper.cfbundle; includeInIndex = 0; path = RelaxAppTests.xctest; sourceTree = BUILT_PRODUCTS_DIR; };
		BB6F3A92296CB322006847D2 /* RelaxAppTests.swift */ = {isa = PBXFileReference; lastKnownFileType = sourcecode.swift; path = RelaxAppTests.swift; sourceTree = "<group>"; };
		BB73B89F294CA49500472AA6 /* ChoiseAsteroidViewController.swift */ = {isa = PBXFileReference; lastKnownFileType = sourcecode.swift; path = ChoiseAsteroidViewController.swift; sourceTree = "<group>"; };
		BB73B8A1294CA4FA00472AA6 /* ChoiseAsteroidPresenter.swift */ = {isa = PBXFileReference; lastKnownFileType = sourcecode.swift; path = ChoiseAsteroidPresenter.swift; sourceTree = "<group>"; };
		BB73B8A3294CA59F00472AA6 /* ChoiseAsteroidInteractor.swift */ = {isa = PBXFileReference; lastKnownFileType = sourcecode.swift; path = ChoiseAsteroidInteractor.swift; sourceTree = "<group>"; };
		BB73B8A5294CA5FE00472AA6 /* ChoiseAsteroidConfigurator.swift */ = {isa = PBXFileReference; lastKnownFileType = sourcecode.swift; path = ChoiseAsteroidConfigurator.swift; sourceTree = "<group>"; };
		BB73B8A7294CA7F300472AA6 /* ChoiseAsteroidRouter.swift */ = {isa = PBXFileReference; lastKnownFileType = sourcecode.swift; path = ChoiseAsteroidRouter.swift; sourceTree = "<group>"; };
		BB73B8AA294DE6BB00472AA6 /* NetworkService.swift */ = {isa = PBXFileReference; lastKnownFileType = sourcecode.swift; path = NetworkService.swift; sourceTree = "<group>"; };
		BB73B8AC294DE76F00472AA6 /* NetworkConfiguration.swift */ = {isa = PBXFileReference; lastKnownFileType = sourcecode.swift; path = NetworkConfiguration.swift; sourceTree = "<group>"; };
		BB73B8AF294DF0E200472AA6 /* JsonHelper.swift */ = {isa = PBXFileReference; lastKnownFileType = sourcecode.swift; path = JsonHelper.swift; sourceTree = "<group>"; };
		BB73B8B2294DF6C600472AA6 /* Model.swift */ = {isa = PBXFileReference; lastKnownFileType = sourcecode.swift; path = Model.swift; sourceTree = "<group>"; };
		BB73B8B4294DFE2300472AA6 /* Config.xcconfig */ = {isa = PBXFileReference; lastKnownFileType = text.xcconfig; path = Config.xcconfig; sourceTree = "<group>"; };
		BB73B8B5294E073F00472AA6 /* ChoiseAsteroidCell.swift */ = {isa = PBXFileReference; lastKnownFileType = sourcecode.swift; path = ChoiseAsteroidCell.swift; sourceTree = "<group>"; };
		BB73B8B8294F52B700472AA6 /* TravelTimeViewController.swift */ = {isa = PBXFileReference; lastKnownFileType = sourcecode.swift; path = TravelTimeViewController.swift; sourceTree = "<group>"; };
		BB73B8BA294F591200472AA6 /* TravelTimePresenter.swift */ = {isa = PBXFileReference; lastKnownFileType = sourcecode.swift; path = TravelTimePresenter.swift; sourceTree = "<group>"; };
		BB73B8BC294F598B00472AA6 /* TravelTimeInteractor.swift */ = {isa = PBXFileReference; lastKnownFileType = sourcecode.swift; path = TravelTimeInteractor.swift; sourceTree = "<group>"; };
		BB73B8BE294F59D800472AA6 /* TravelTimeConfigurator.swift */ = {isa = PBXFileReference; lastKnownFileType = sourcecode.swift; path = TravelTimeConfigurator.swift; sourceTree = "<group>"; };
		BB73B8C0294F5A3D00472AA6 /* TravelTimeRouter.swift */ = {isa = PBXFileReference; lastKnownFileType = sourcecode.swift; path = TravelTimeRouter.swift; sourceTree = "<group>"; };
		BB73B8C22950555B00472AA6 /* TabBarController.swift */ = {isa = PBXFileReference; lastKnownFileType = sourcecode.swift; path = TabBarController.swift; sourceTree = "<group>"; };
		BB73B8C4295095B900472AA6 /* DatabaseService.swift */ = {isa = PBXFileReference; lastKnownFileType = sourcecode.swift; path = DatabaseService.swift; sourceTree = "<group>"; };
		BB73B8C7295096DE00472AA6 /* Model.xcdatamodel */ = {isa = PBXFileReference; lastKnownFileType = wrapper.xcdatamodel; path = Model.xcdatamodel; sourceTree = "<group>"; };
		BB73B90F29549B3200472AA6 /* TravelTimeModel.swift */ = {isa = PBXFileReference; lastKnownFileType = sourcecode.swift; path = TravelTimeModel.swift; sourceTree = "<group>"; };
		BB73B9112954A5F300472AA6 /* TravelTimeCell.swift */ = {isa = PBXFileReference; lastKnownFileType = sourcecode.swift; path = TravelTimeCell.swift; sourceTree = "<group>"; };
/* End PBXFileReference section */

/* Begin PBXFrameworksBuildPhase section */
		BB6C09FB294B1CCF00A3F662 /* Frameworks */ = {
			isa = PBXFrameworksBuildPhase;
			buildActionMask = 2147483647;
			files = (
			);
			runOnlyForDeploymentPostprocessing = 0;
		};
		BB6F3A8D296CB322006847D2 /* Frameworks */ = {
			isa = PBXFrameworksBuildPhase;
			buildActionMask = 2147483647;
			files = (
			);
			runOnlyForDeploymentPostprocessing = 0;
		};
/* End PBXFrameworksBuildPhase section */

/* Begin PBXGroup section */
		BB69BF9729570FDB005AF5B7 /* FirstLaunch */ = {
			isa = PBXGroup;
			children = (
				BB69BF9829571204005AF5B7 /* FirstLauchViewController.swift */,
				BB69BF9A2957128B005AF5B7 /* FirstLauchPresenter.swift */,
				BB69BF9C2957132E005AF5B7 /* FirstLauchInteractor.swift */,
				BB69BF9E2957137B005AF5B7 /* FirstLauchConfigurator.swift */,
				BB69BFA0295713BD005AF5B7 /* FirstLauchRouter.swift */,
			);
			path = FirstLaunch;
			sourceTree = "<group>";
		};
		BB69BFA229575309005AF5B7 /* Fonts */ = {
			isa = PBXGroup;
			children = (
				BB69BFAD29575D11005AF5B7 /* JosefinSans-wght.ttf */,
			);
			path = Fonts;
			sourceTree = "<group>";
		};
		BB6C09F5294B1CCF00A3F662 = {
			isa = PBXGroup;
			children = (
				BB73B8C6295096DE00472AA6 /* Model.xcdatamodeld */,
				BB6C0A00294B1CCF00A3F662 /* RelaxApp */,
				BB6F3A91296CB322006847D2 /* RelaxAppTests */,
				BB6C09FF294B1CCF00A3F662 /* Products */,
			);
			sourceTree = "<group>";
		};
		BB6C09FF294B1CCF00A3F662 /* Products */ = {
			isa = PBXGroup;
			children = (
				BB6C09FE294B1CCF00A3F662 /* RelaxApp.app */,
				BB6F3A90296CB322006847D2 /* RelaxAppTests.xctest */,
			);
			name = Products;
			sourceTree = "<group>";
		};
		BB6C0A00294B1CCF00A3F662 /* RelaxApp */ = {
			isa = PBXGroup;
			children = (
				BB69BF9729570FDB005AF5B7 /* FirstLaunch */,
				BB6C0A24294B561700A3F662 /* App */,
				BB73B8B1294DF6B700472AA6 /* Model */,
				BB73B8AE294DF09400472AA6 /* Helpers */,
				BB6C0A15294B539600A3F662 /* Home */,
				BB73B89E294CA33C00472AA6 /* ChoiseAsteroid */,
				BB73B8B7294F527300472AA6 /* TravelTime */,
				BB6D6C9C2968A559001B661D /* Completed */,
				BB73B8C22950555B00472AA6 /* TabBarController.swift */,
				BB73B8A9294DE6A000472AA6 /* API */,
				BB69BFA229575309005AF5B7 /* Fonts */,
				BB6C0A20294B55F900A3F662 /* Utils */,
				BB6C0A0A294B1CD400A3F662 /* Assets.xcassets */,
				BB6C0A0C294B1CD400A3F662 /* LaunchScreen.storyboard */,
				BB6C0A0F294B1CD400A3F662 /* Info.plist */,
			);
			path = RelaxApp;
			sourceTree = "<group>";
		};
		BB6C0A15294B539600A3F662 /* Home */ = {
			isa = PBXGroup;
			children = (
				BB6C0A16294B548700A3F662 /* HomeViewController.swift */,
				BB6C0A18294B54C900A3F662 /* HomePresenter.swift */,
				BB6C0A1A294B54F500A3F662 /* HomeInteractor.swift */,
				BB6C0A1C294B553600A3F662 /* HomeConfigurator.swift */,
				BB6C0A1E294B557300A3F662 /* HomeRouter.swift */,
			);
			path = Home;
			sourceTree = "<group>";
		};
		BB6C0A20294B55F900A3F662 /* Utils */ = {
			isa = PBXGroup;
			children = (
				BB6C0A21294B560D00A3F662 /* Extensions.swift */,
			);
			path = Utils;
			sourceTree = "<group>";
		};
		BB6C0A24294B561700A3F662 /* App */ = {
			isa = PBXGroup;
			children = (
				BB6C0A03294B1CCF00A3F662 /* SceneDelegate.swift */,
				BB6C0A01294B1CCF00A3F662 /* AppDelegate.swift */,
			);
			path = App;
			sourceTree = "<group>";
		};
		BB6D6C9C2968A559001B661D /* Completed */ = {
			isa = PBXGroup;
			children = (
				BB6D6C9D2968A59A001B661D /* CompletedViewController.swift */,
				BB6D6C9F2968A61D001B661D /* CompletedPresenter.swift */,
				BB6D6CA12968A6E7001B661D /* CompletedInteractor.swift */,
				BB6D6CA32968A8DB001B661D /* CompletedConfigurator.swift */,
				BB6D6CA52968A94B001B661D /* CompletedRouter.swift */,
				BB6D6CA9296AD566001B661D /* CompletedModel.swift */,
				BB6D6CA72968AF35001B661D /* CompletedCell.swift */,
			);
			path = Completed;
			sourceTree = "<group>";
		};
		BB6F3A91296CB322006847D2 /* RelaxAppTests */ = {
			isa = PBXGroup;
			children = (
				BB6F3A92296CB322006847D2 /* RelaxAppTests.swift */,
			);
			path = RelaxAppTests;
			sourceTree = "<group>";
		};
		BB73B89E294CA33C00472AA6 /* ChoiseAsteroid */ = {
			isa = PBXGroup;
			children = (
				BB73B89F294CA49500472AA6 /* ChoiseAsteroidViewController.swift */,
				BB73B8A1294CA4FA00472AA6 /* ChoiseAsteroidPresenter.swift */,
				BB73B8A3294CA59F00472AA6 /* ChoiseAsteroidInteractor.swift */,
				BB73B8A5294CA5FE00472AA6 /* ChoiseAsteroidConfigurator.swift */,
				BB73B8A7294CA7F300472AA6 /* ChoiseAsteroidRouter.swift */,
				BB73B8B5294E073F00472AA6 /* ChoiseAsteroidCell.swift */,
				BB69BFB129585196005AF5B7 /* ChoiseAsteroidDayCell.swift */,
				BB69BFB329598949005AF5B7 /* ChoiseAsteroidModel.swift */,
			);
			path = ChoiseAsteroid;
			sourceTree = "<group>";
		};
		BB73B8A9294DE6A000472AA6 /* API */ = {
			isa = PBXGroup;
			children = (
				BB73B8AA294DE6BB00472AA6 /* NetworkService.swift */,
				BB73B8AC294DE76F00472AA6 /* NetworkConfiguration.swift */,
				BB73B8C4295095B900472AA6 /* DatabaseService.swift */,
			);
			path = API;
			sourceTree = "<group>";
		};
		BB73B8AE294DF09400472AA6 /* Helpers */ = {
			isa = PBXGroup;
			children = (
				BB73B8AF294DF0E200472AA6 /* JsonHelper.swift */,
				BB73B8B4294DFE2300472AA6 /* Config.xcconfig */,
			);
			path = Helpers;
			sourceTree = "<group>";
		};
		BB73B8B1294DF6B700472AA6 /* Model */ = {
			isa = PBXGroup;
			children = (
				BB73B8B2294DF6C600472AA6 /* Model.swift */,
			);
			path = Model;
			sourceTree = "<group>";
		};
		BB73B8B7294F527300472AA6 /* TravelTime */ = {
			isa = PBXGroup;
			children = (
				BB73B8B8294F52B700472AA6 /* TravelTimeViewController.swift */,
				BB73B8BA294F591200472AA6 /* TravelTimePresenter.swift */,
				BB73B8BC294F598B00472AA6 /* TravelTimeInteractor.swift */,
				BB73B8BE294F59D800472AA6 /* TravelTimeConfigurator.swift */,
				BB73B8C0294F5A3D00472AA6 /* TravelTimeRouter.swift */,
				BB73B90F29549B3200472AA6 /* TravelTimeModel.swift */,
				BB73B9112954A5F300472AA6 /* TravelTimeCell.swift */,
			);
			path = TravelTime;
			sourceTree = "<group>";
		};
/* End PBXGroup section */

/* Begin PBXNativeTarget section */
		BB6C09FD294B1CCF00A3F662 /* RelaxApp */ = {
			isa = PBXNativeTarget;
			buildConfigurationList = BB6C0A12294B1CD400A3F662 /* Build configuration list for PBXNativeTarget "RelaxApp" */;
			buildPhases = (
				BB6C09FA294B1CCF00A3F662 /* Sources */,
				BB6C09FB294B1CCF00A3F662 /* Frameworks */,
				BB6C09FC294B1CCF00A3F662 /* Resources */,
			);
			buildRules = (
			);
			dependencies = (
			);
			name = RelaxApp;
			productName = RelaxApp;
			productReference = BB6C09FE294B1CCF00A3F662 /* RelaxApp.app */;
			productType = "com.apple.product-type.application";
		};
		BB6F3A8F296CB322006847D2 /* RelaxAppTests */ = {
			isa = PBXNativeTarget;
			buildConfigurationList = BB6F3A98296CB322006847D2 /* Build configuration list for PBXNativeTarget "RelaxAppTests" */;
			buildPhases = (
				BB6F3A8C296CB322006847D2 /* Sources */,
				BB6F3A8D296CB322006847D2 /* Frameworks */,
				BB6F3A8E296CB322006847D2 /* Resources */,
			);
			buildRules = (
			);
			dependencies = (
				BB6F3A95296CB322006847D2 /* PBXTargetDependency */,
			);
			name = RelaxAppTests;
			productName = RelaxAppTests;
			productReference = BB6F3A90296CB322006847D2 /* RelaxAppTests.xctest */;
			productType = "com.apple.product-type.bundle.unit-test";
		};
/* End PBXNativeTarget section */

/* Begin PBXProject section */
		BB6C09F6294B1CCF00A3F662 /* Project object */ = {
			isa = PBXProject;
			attributes = {
				BuildIndependentTargetsInParallel = 1;
				LastSwiftUpdateCheck = 1400;
				LastUpgradeCheck = 1400;
				TargetAttributes = {
					BB6C09FD294B1CCF00A3F662 = {
						CreatedOnToolsVersion = 14.0;
					};
					BB6F3A8F296CB322006847D2 = {
						CreatedOnToolsVersion = 14.0;
						TestTargetID = BB6C09FD294B1CCF00A3F662;
					};
				};
			};
			buildConfigurationList = BB6C09F9294B1CCF00A3F662 /* Build configuration list for PBXProject "RelaxApp" */;
			compatibilityVersion = "Xcode 14.0";
			developmentRegion = en;
			hasScannedForEncodings = 0;
			knownRegions = (
				en,
				Base,
			);
			mainGroup = BB6C09F5294B1CCF00A3F662;
			productRefGroup = BB6C09FF294B1CCF00A3F662 /* Products */;
			projectDirPath = "";
			projectRoot = "";
			targets = (
				BB6C09FD294B1CCF00A3F662 /* RelaxApp */,
				BB6F3A8F296CB322006847D2 /* RelaxAppTests */,
			);
		};
/* End PBXProject section */

/* Begin PBXResourcesBuildPhase section */
		BB6C09FC294B1CCF00A3F662 /* Resources */ = {
			isa = PBXResourcesBuildPhase;
			buildActionMask = 2147483647;
			files = (
				BB6C0A0E294B1CD400A3F662 /* LaunchScreen.storyboard in Resources */,
				BB6C0A0B294B1CD400A3F662 /* Assets.xcassets in Resources */,
				BB69BFAE29575D11005AF5B7 /* JosefinSans-wght.ttf in Resources */,
			);
			runOnlyForDeploymentPostprocessing = 0;
		};
		BB6F3A8E296CB322006847D2 /* Resources */ = {
			isa = PBXResourcesBuildPhase;
			buildActionMask = 2147483647;
			files = (
			);
			runOnlyForDeploymentPostprocessing = 0;
		};
/* End PBXResourcesBuildPhase section */

/* Begin PBXSourcesBuildPhase section */
		BB6C09FA294B1CCF00A3F662 /* Sources */ = {
			isa = PBXSourcesBuildPhase;
			buildActionMask = 2147483647;
			files = (
				BB6C0A22294B560D00A3F662 /* Extensions.swift in Sources */,
				BB6D6CA42968A8DB001B661D /* CompletedConfigurator.swift in Sources */,
				BB73B8BD294F598B00472AA6 /* TravelTimeInteractor.swift in Sources */,
				BB73B8A0294CA49500472AA6 /* ChoiseAsteroidViewController.swift in Sources */,
				BB73B8A8294CA7F300472AA6 /* ChoiseAsteroidRouter.swift in Sources */,
				BB6C0A02294B1CCF00A3F662 /* AppDelegate.swift in Sources */,
				BB6D6CA62968A94B001B661D /* CompletedRouter.swift in Sources */,
				BB69BF9D2957132E005AF5B7 /* FirstLauchInteractor.swift in Sources */,
				BB69BFB429598949005AF5B7 /* ChoiseAsteroidModel.swift in Sources */,
				BB73B8A4294CA59F00472AA6 /* ChoiseAsteroidInteractor.swift in Sources */,
				BB73B8C5295095B900472AA6 /* DatabaseService.swift in Sources */,
				BB73B8BB294F591200472AA6 /* TravelTimePresenter.swift in Sources */,
				BB73B8C32950555B00472AA6 /* TabBarController.swift in Sources */,
				BB73B8B0294DF0E200472AA6 /* JsonHelper.swift in Sources */,
				BB73B8A6294CA5FE00472AA6 /* ChoiseAsteroidConfigurator.swift in Sources */,
				BB73B8C8295096DE00472AA6 /* Model.xcdatamodeld in Sources */,
				BB73B8C1294F5A3D00472AA6 /* TravelTimeRouter.swift in Sources */,
				BB73B8B3294DF6C600472AA6 /* Model.swift in Sources */,
				BB6D6CA22968A6E7001B661D /* CompletedInteractor.swift in Sources */,
				BB73B8AB294DE6BB00472AA6 /* NetworkService.swift in Sources */,
				BB73B8B6294E073F00472AA6 /* ChoiseAsteroidCell.swift in Sources */,
				BB6C0A04294B1CCF00A3F662 /* SceneDelegate.swift in Sources */,
				BB69BF9B2957128B005AF5B7 /* FirstLauchPresenter.swift in Sources */,
				BB69BFA1295713BD005AF5B7 /* FirstLauchRouter.swift in Sources */,
				BB6C0A1B294B54F500A3F662 /* HomeInteractor.swift in Sources */,
				BB69BFB229585196005AF5B7 /* ChoiseAsteroidDayCell.swift in Sources */,
				BB73B91029549B3200472AA6 /* TravelTimeModel.swift in Sources */,
				BB6D6C9E2968A59A001B661D /* CompletedViewController.swift in Sources */,
				BB6C0A1D294B553600A3F662 /* HomeConfigurator.swift in Sources */,
				BB69BF9929571204005AF5B7 /* FirstLauchViewController.swift in Sources */,
				BB73B9122954A5F400472AA6 /* TravelTimeCell.swift in Sources */,
				BB73B8A2294CA4FA00472AA6 /* ChoiseAsteroidPresenter.swift in Sources */,
				BB73B8AD294DE76F00472AA6 /* NetworkConfiguration.swift in Sources */,
				BB6C0A1F294B557300A3F662 /* HomeRouter.swift in Sources */,
				BB6C0A19294B54C900A3F662 /* HomePresenter.swift in Sources */,
				BB73B8BF294F59D800472AA6 /* TravelTimeConfigurator.swift in Sources */,
				BB6C0A17294B548700A3F662 /* HomeViewController.swift in Sources */,
				BB73B8B9294F52B700472AA6 /* TravelTimeViewController.swift in Sources */,
				BB6D6CA02968A61D001B661D /* CompletedPresenter.swift in Sources */,
				BB6D6CAA296AD566001B661D /* CompletedModel.swift in Sources */,
				BB69BF9F2957137B005AF5B7 /* FirstLauchConfigurator.swift in Sources */,
				BB6D6CA82968AF35001B661D /* CompletedCell.swift in Sources */,
			);
			runOnlyForDeploymentPostprocessing = 0;
		};
		BB6F3A8C296CB322006847D2 /* Sources */ = {
			isa = PBXSourcesBuildPhase;
			buildActionMask = 2147483647;
			files = (
				BB6F3A93296CB322006847D2 /* RelaxAppTests.swift in Sources */,
			);
			runOnlyForDeploymentPostprocessing = 0;
		};
/* End PBXSourcesBuildPhase section */

/* Begin PBXTargetDependency section */
		BB6F3A95296CB322006847D2 /* PBXTargetDependency */ = {
			isa = PBXTargetDependency;
			target = BB6C09FD294B1CCF00A3F662 /* RelaxApp */;
			targetProxy = BB6F3A94296CB322006847D2 /* PBXContainerItemProxy */;
		};
/* End PBXTargetDependency section */

/* Begin PBXVariantGroup section */
		BB6C0A0C294B1CD400A3F662 /* LaunchScreen.storyboard */ = {
			isa = PBXVariantGroup;
			children = (
				BB6C0A0D294B1CD400A3F662 /* Base */,
			);
			name = LaunchScreen.storyboard;
			sourceTree = "<group>";
		};
/* End PBXVariantGroup section */

/* Begin XCBuildConfiguration section */
		BB6C0A10294B1CD400A3F662 /* Debug */ = {
			isa = XCBuildConfiguration;
			baseConfigurationReference = BB73B8B4294DFE2300472AA6 /* Config.xcconfig */;
			buildSettings = {
				ALWAYS_SEARCH_USER_PATHS = NO;
				CLANG_ANALYZER_NONNULL = YES;
				CLANG_ANALYZER_NUMBER_OBJECT_CONVERSION = YES_AGGRESSIVE;
				CLANG_CXX_LANGUAGE_STANDARD = "gnu++20";
				CLANG_ENABLE_MODULES = YES;
				CLANG_ENABLE_OBJC_ARC = YES;
				CLANG_ENABLE_OBJC_WEAK = YES;
				CLANG_WARN_BLOCK_CAPTURE_AUTORELEASING = YES;
				CLANG_WARN_BOOL_CONVERSION = YES;
				CLANG_WARN_COMMA = YES;
				CLANG_WARN_CONSTANT_CONVERSION = YES;
				CLANG_WARN_DEPRECATED_OBJC_IMPLEMENTATIONS = YES;
				CLANG_WARN_DIRECT_OBJC_ISA_USAGE = YES_ERROR;
				CLANG_WARN_DOCUMENTATION_COMMENTS = YES;
				CLANG_WARN_EMPTY_BODY = YES;
				CLANG_WARN_ENUM_CONVERSION = YES;
				CLANG_WARN_INFINITE_RECURSION = YES;
				CLANG_WARN_INT_CONVERSION = YES;
				CLANG_WARN_NON_LITERAL_NULL_CONVERSION = YES;
				CLANG_WARN_OBJC_IMPLICIT_RETAIN_SELF = YES;
				CLANG_WARN_OBJC_LITERAL_CONVERSION = YES;
				CLANG_WARN_OBJC_ROOT_CLASS = YES_ERROR;
				CLANG_WARN_QUOTED_INCLUDE_IN_FRAMEWORK_HEADER = YES;
				CLANG_WARN_RANGE_LOOP_ANALYSIS = YES;
				CLANG_WARN_STRICT_PROTOTYPES = YES;
				CLANG_WARN_SUSPICIOUS_MOVE = YES;
				CLANG_WARN_UNGUARDED_AVAILABILITY = YES_AGGRESSIVE;
				CLANG_WARN_UNREACHABLE_CODE = YES;
				CLANG_WARN__DUPLICATE_METHOD_MATCH = YES;
				COPY_PHASE_STRIP = NO;
				DEBUG_INFORMATION_FORMAT = dwarf;
				ENABLE_STRICT_OBJC_MSGSEND = YES;
				ENABLE_TESTABILITY = YES;
				GCC_C_LANGUAGE_STANDARD = gnu11;
				GCC_DYNAMIC_NO_PIC = NO;
				GCC_NO_COMMON_BLOCKS = YES;
				GCC_OPTIMIZATION_LEVEL = 0;
				GCC_PREPROCESSOR_DEFINITIONS = (
					"DEBUG=1",
					"$(inherited)",
				);
				GCC_WARN_64_TO_32_BIT_CONVERSION = YES;
				GCC_WARN_ABOUT_RETURN_TYPE = YES_ERROR;
				GCC_WARN_UNDECLARED_SELECTOR = YES;
				GCC_WARN_UNINITIALIZED_AUTOS = YES_AGGRESSIVE;
				GCC_WARN_UNUSED_FUNCTION = YES;
				GCC_WARN_UNUSED_VARIABLE = YES;
				IPHONEOS_DEPLOYMENT_TARGET = 16.0;
				MTL_ENABLE_DEBUG_INFO = INCLUDE_SOURCE;
				MTL_FAST_MATH = YES;
				ONLY_ACTIVE_ARCH = YES;
				SDKROOT = iphoneos;
				SWIFT_ACTIVE_COMPILATION_CONDITIONS = DEBUG;
				SWIFT_OPTIMIZATION_LEVEL = "-Onone";
			};
			name = Debug;
		};
		BB6C0A11294B1CD400A3F662 /* Release */ = {
			isa = XCBuildConfiguration;
			baseConfigurationReference = BB73B8B4294DFE2300472AA6 /* Config.xcconfig */;
			buildSettings = {
				ALWAYS_SEARCH_USER_PATHS = NO;
				CLANG_ANALYZER_NONNULL = YES;
				CLANG_ANALYZER_NUMBER_OBJECT_CONVERSION = YES_AGGRESSIVE;
				CLANG_CXX_LANGUAGE_STANDARD = "gnu++20";
				CLANG_ENABLE_MODULES = YES;
				CLANG_ENABLE_OBJC_ARC = YES;
				CLANG_ENABLE_OBJC_WEAK = YES;
				CLANG_WARN_BLOCK_CAPTURE_AUTORELEASING = YES;
				CLANG_WARN_BOOL_CONVERSION = YES;
				CLANG_WARN_COMMA = YES;
				CLANG_WARN_CONSTANT_CONVERSION = YES;
				CLANG_WARN_DEPRECATED_OBJC_IMPLEMENTATIONS = YES;
				CLANG_WARN_DIRECT_OBJC_ISA_USAGE = YES_ERROR;
				CLANG_WARN_DOCUMENTATION_COMMENTS = YES;
				CLANG_WARN_EMPTY_BODY = YES;
				CLANG_WARN_ENUM_CONVERSION = YES;
				CLANG_WARN_INFINITE_RECURSION = YES;
				CLANG_WARN_INT_CONVERSION = YES;
				CLANG_WARN_NON_LITERAL_NULL_CONVERSION = YES;
				CLANG_WARN_OBJC_IMPLICIT_RETAIN_SELF = YES;
				CLANG_WARN_OBJC_LITERAL_CONVERSION = YES;
				CLANG_WARN_OBJC_ROOT_CLASS = YES_ERROR;
				CLANG_WARN_QUOTED_INCLUDE_IN_FRAMEWORK_HEADER = YES;
				CLANG_WARN_RANGE_LOOP_ANALYSIS = YES;
				CLANG_WARN_STRICT_PROTOTYPES = YES;
				CLANG_WARN_SUSPICIOUS_MOVE = YES;
				CLANG_WARN_UNGUARDED_AVAILABILITY = YES_AGGRESSIVE;
				CLANG_WARN_UNREACHABLE_CODE = YES;
				CLANG_WARN__DUPLICATE_METHOD_MATCH = YES;
				COPY_PHASE_STRIP = NO;
				DEBUG_INFORMATION_FORMAT = "dwarf-with-dsym";
				ENABLE_NS_ASSERTIONS = NO;
				ENABLE_STRICT_OBJC_MSGSEND = YES;
				GCC_C_LANGUAGE_STANDARD = gnu11;
				GCC_NO_COMMON_BLOCKS = YES;
				GCC_WARN_64_TO_32_BIT_CONVERSION = YES;
				GCC_WARN_ABOUT_RETURN_TYPE = YES_ERROR;
				GCC_WARN_UNDECLARED_SELECTOR = YES;
				GCC_WARN_UNINITIALIZED_AUTOS = YES_AGGRESSIVE;
				GCC_WARN_UNUSED_FUNCTION = YES;
				GCC_WARN_UNUSED_VARIABLE = YES;
				IPHONEOS_DEPLOYMENT_TARGET = 16.0;
				MTL_ENABLE_DEBUG_INFO = NO;
				MTL_FAST_MATH = YES;
				SDKROOT = iphoneos;
				SWIFT_COMPILATION_MODE = wholemodule;
				SWIFT_OPTIMIZATION_LEVEL = "-O";
				VALIDATE_PRODUCT = YES;
			};
			name = Release;
		};
		BB6C0A13294B1CD400A3F662 /* Debug */ = {
			isa = XCBuildConfiguration;
			buildSettings = {
				ASSETCATALOG_COMPILER_APPICON_NAME = AppIcon;
				ASSETCATALOG_COMPILER_GLOBAL_ACCENT_COLOR_NAME = AccentColor;
				CODE_SIGN_STYLE = Automatic;
				CURRENT_PROJECT_VERSION = 1;
				DEVELOPMENT_TEAM = 4G4D5WHAZT;
				GENERATE_INFOPLIST_FILE = YES;
				INFOPLIST_FILE = RelaxApp/Info.plist;
				INFOPLIST_KEY_UIApplicationSupportsIndirectInputEvents = YES;
				INFOPLIST_KEY_UILaunchStoryboardName = LaunchScreen;
				INFOPLIST_KEY_UISupportedInterfaceOrientations = UIInterfaceOrientationPortrait;
				INFOPLIST_KEY_UISupportedInterfaceOrientations_iPad = "UIInterfaceOrientationLandscapeLeft UIInterfaceOrientationLandscapeRight UIInterfaceOrientationPortrait UIInterfaceOrientationPortraitUpsideDown";
				IPHONEOS_DEPLOYMENT_TARGET = 12.0;
				LD_RUNPATH_SEARCH_PATHS = (
					"$(inherited)",
					"@executable_path/Frameworks",
				);
				MARKETING_VERSION = 1.0;
				PRODUCT_BUNDLE_IDENTIFIER = com.local.RelaxApp;
				PRODUCT_NAME = "$(TARGET_NAME)";
				SUPPORTED_PLATFORMS = "iphoneos iphonesimulator";
				SUPPORTS_MACCATALYST = NO;
				SUPPORTS_MAC_DESIGNED_FOR_IPHONE_IPAD = NO;
				SWIFT_EMIT_LOC_STRINGS = YES;
				SWIFT_VERSION = 5.0;
				TARGETED_DEVICE_FAMILY = 1;
			};
			name = Debug;
		};
		BB6C0A14294B1CD400A3F662 /* Release */ = {
			isa = XCBuildConfiguration;
			buildSettings = {
				ASSETCATALOG_COMPILER_APPICON_NAME = AppIcon;
				ASSETCATALOG_COMPILER_GLOBAL_ACCENT_COLOR_NAME = AccentColor;
				CODE_SIGN_STYLE = Automatic;
				CURRENT_PROJECT_VERSION = 1;
				DEVELOPMENT_TEAM = 4G4D5WHAZT;
				GENERATE_INFOPLIST_FILE = YES;
				INFOPLIST_FILE = RelaxApp/Info.plist;
				INFOPLIST_KEY_UIApplicationSupportsIndirectInputEvents = YES;
				INFOPLIST_KEY_UILaunchStoryboardName = LaunchScreen;
				INFOPLIST_KEY_UISupportedInterfaceOrientations = UIInterfaceOrientationPortrait;
				INFOPLIST_KEY_UISupportedInterfaceOrientations_iPad = "UIInterfaceOrientationLandscapeLeft UIInterfaceOrientationLandscapeRight UIInterfaceOrientationPortrait UIInterfaceOrientationPortraitUpsideDown";
				IPHONEOS_DEPLOYMENT_TARGET = 12.0;
				LD_RUNPATH_SEARCH_PATHS = (
					"$(inherited)",
					"@executable_path/Frameworks",
				);
				MARKETING_VERSION = 1.0;
				PRODUCT_BUNDLE_IDENTIFIER = com.local.RelaxApp;
				PRODUCT_NAME = "$(TARGET_NAME)";
				SUPPORTED_PLATFORMS = "iphoneos iphonesimulator";
				SUPPORTS_MACCATALYST = NO;
				SUPPORTS_MAC_DESIGNED_FOR_IPHONE_IPAD = NO;
				SWIFT_EMIT_LOC_STRINGS = YES;
				SWIFT_VERSION = 5.0;
				TARGETED_DEVICE_FAMILY = 1;
			};
			name = Release;
		};
		BB6F3A96296CB322006847D2 /* Debug */ = {
			isa = XCBuildConfiguration;
			buildSettings = {
				BUNDLE_LOADER = "$(TEST_HOST)";
				CODE_SIGN_STYLE = Automatic;
				CURRENT_PROJECT_VERSION = 1;
				DEVELOPMENT_TEAM = 4G4D5WHAZT;
				GENERATE_INFOPLIST_FILE = YES;
				MARKETING_VERSION = 1.0;
				PRODUCT_BUNDLE_IDENTIFIER = com.local.RelaxAppTests;
				PRODUCT_NAME = "$(TARGET_NAME)";
				SWIFT_EMIT_LOC_STRINGS = NO;
				SWIFT_VERSION = 5.0;
				TARGETED_DEVICE_FAMILY = "1,2";
				TEST_HOST = "$(BUILT_PRODUCTS_DIR)/RelaxApp.app/$(BUNDLE_EXECUTABLE_FOLDER_PATH)/RelaxApp";
			};
			name = Debug;
		};
		BB6F3A97296CB322006847D2 /* Release */ = {
			isa = XCBuildConfiguration;
			buildSettings = {
				BUNDLE_LOADER = "$(TEST_HOST)";
				CODE_SIGN_STYLE = Automatic;
				CURRENT_PROJECT_VERSION = 1;
				DEVELOPMENT_TEAM = 4G4D5WHAZT;
				GENERATE_INFOPLIST_FILE = YES;
				MARKETING_VERSION = 1.0;
				PRODUCT_BUNDLE_IDENTIFIER = com.local.RelaxAppTests;
				PRODUCT_NAME = "$(TARGET_NAME)";
				SWIFT_EMIT_LOC_STRINGS = NO;
				SWIFT_VERSION = 5.0;
				TARGETED_DEVICE_FAMILY = "1,2";
				TEST_HOST = "$(BUILT_PRODUCTS_DIR)/RelaxApp.app/$(BUNDLE_EXECUTABLE_FOLDER_PATH)/RelaxApp";
			};
			name = Release;
		};
/* End XCBuildConfiguration section */

/* Begin XCConfigurationList section */
		BB6C09F9294B1CCF00A3F662 /* Build configuration list for PBXProject "RelaxApp" */ = {
			isa = XCConfigurationList;
			buildConfigurations = (
				BB6C0A10294B1CD400A3F662 /* Debug */,
				BB6C0A11294B1CD400A3F662 /* Release */,
			);
			defaultConfigurationIsVisible = 0;
			defaultConfigurationName = Release;
		};
		BB6C0A12294B1CD400A3F662 /* Build configuration list for PBXNativeTarget "RelaxApp" */ = {
			isa = XCConfigurationList;
			buildConfigurations = (
				BB6C0A13294B1CD400A3F662 /* Debug */,
				BB6C0A14294B1CD400A3F662 /* Release */,
			);
			defaultConfigurationIsVisible = 0;
			defaultConfigurationName = Release;
		};
		BB6F3A98296CB322006847D2 /* Build configuration list for PBXNativeTarget "RelaxAppTests" */ = {
			isa = XCConfigurationList;
			buildConfigurations = (
				BB6F3A96296CB322006847D2 /* Debug */,
				BB6F3A97296CB322006847D2 /* Release */,
			);
			defaultConfigurationIsVisible = 0;
			defaultConfigurationName = Release;
		};
/* End XCConfigurationList section */

/* Begin XCVersionGroup section */
		BB73B8C6295096DE00472AA6 /* Model.xcdatamodeld */ = {
			isa = XCVersionGroup;
			children = (
				BB73B8C7295096DE00472AA6 /* Model.xcdatamodel */,
			);
			currentVersion = BB73B8C7295096DE00472AA6 /* Model.xcdatamodel */;
			path = Model.xcdatamodeld;
			sourceTree = "<group>";
			versionGroupType = wrapper.xcdatamodel;
		};
/* End XCVersionGroup section */
	};
	rootObject = BB6C09F6294B1CCF00A3F662 /* Project object */;
}
